// !$*UTF8*$!
{
	archiveVersion = 1;
	classes = {
	};
	objectVersion = 55;
	objects = {

/* Begin PBXBuildFile section */
		1E02D1A0284417CB0019401C /* MainCoordinator.swift in Sources */ = {isa = PBXBuildFile; fileRef = 1E02D19F284417CB0019401C /* MainCoordinator.swift */; };
		1E02D1A22844183D0019401C /* MainController.swift in Sources */ = {isa = PBXBuildFile; fileRef = 1E02D1A12844183D0019401C /* MainController.swift */; };
		1E02D1A52844186E0019401C /* MainProtocols.swift in Sources */ = {isa = PBXBuildFile; fileRef = 1E02D1A42844186E0019401C /* MainProtocols.swift */; };
		1E02D1A9284418E10019401C /* Coordinator.swift in Sources */ = {isa = PBXBuildFile; fileRef = 1E02D1A8284418E10019401C /* Coordinator.swift */; };
		1E0F2D8F28441FE1003A08F3 /* CountryCell.swift in Sources */ = {isa = PBXBuildFile; fileRef = 1E0F2D8E28441FE1003A08F3 /* CountryCell.swift */; };
		1E0F2D9128442109003A08F3 /* Country.swift in Sources */ = {isa = PBXBuildFile; fileRef = 1E0F2D9028442109003A08F3 /* Country.swift */; };
		1E880A8B2844264C003774B8 /* Alamofire.xcframework in Frameworks */ = {isa = PBXBuildFile; fileRef = 1E02D18F284414420019401C /* Alamofire.xcframework */; };
		1E880A8C2844264C003774B8 /* Alamofire.xcframework in Embed Frameworks */ = {isa = PBXBuildFile; fileRef = 1E02D18F284414420019401C /* Alamofire.xcframework */; settings = {ATTRIBUTES = (CodeSignOnCopy, RemoveHeadersOnCopy, ); }; };
		1E880A8F2844264C003774B8 /* SDWebImage.xcframework in Frameworks */ = {isa = PBXBuildFile; fileRef = 1E880A8E2844264C003774B8 /* SDWebImage.xcframework */; };
		1E880A902844264C003774B8 /* SDWebImage.xcframework in Embed Frameworks */ = {isa = PBXBuildFile; fileRef = 1E880A8E2844264C003774B8 /* SDWebImage.xcframework */; settings = {ATTRIBUTES = (CodeSignOnCopy, RemoveHeadersOnCopy, ); }; };
		1EF6A83928440F3700D45558 /* AppDelegate.swift in Sources */ = {isa = PBXBuildFile; fileRef = 1EF6A83828440F3700D45558 /* AppDelegate.swift */; };
		1EF6A83B28440F3700D45558 /* SceneDelegate.swift in Sources */ = {isa = PBXBuildFile; fileRef = 1EF6A83A28440F3700D45558 /* SceneDelegate.swift */; };
		1EF6A83D28440F3700D45558 /* MainViewController.swift in Sources */ = {isa = PBXBuildFile; fileRef = 1EF6A83C28440F3700D45558 /* MainViewController.swift */; };
		1EF6A84228440F3900D45558 /* Assets.xcassets in Resources */ = {isa = PBXBuildFile; fileRef = 1EF6A84128440F3900D45558 /* Assets.xcassets */; };
		1EF6A84528440F3900D45558 /* LaunchScreen.storyboard in Resources */ = {isa = PBXBuildFile; fileRef = 1EF6A84328440F3900D45558 /* LaunchScreen.storyboard */; };
/* End PBXBuildFile section */

/* Begin PBXCopyFilesBuildPhase section */
		1E880A8D2844264C003774B8 /* Embed Frameworks */ = {
			isa = PBXCopyFilesBuildPhase;
			buildActionMask = 2147483647;
			dstPath = "";
			dstSubfolderSpec = 10;
			files = (
				1E880A8C2844264C003774B8 /* Alamofire.xcframework in Embed Frameworks */,
				1E880A902844264C003774B8 /* SDWebImage.xcframework in Embed Frameworks */,
			);
			name = "Embed Frameworks";
			runOnlyForDeploymentPostprocessing = 0;
		};
/* End PBXCopyFilesBuildPhase section */

/* Begin PBXFileReference section */
		1E02D18F284414420019401C /* Alamofire.xcframework */ = {isa = PBXFileReference; lastKnownFileType = wrapper.xcframework; name = Alamofire.xcframework; path = Carthage/Build/Alamofire.xcframework; sourceTree = "<group>"; };
		1E02D190284414420019401C /* AlamofireImage.xcframework */ = {isa = PBXFileReference; lastKnownFileType = wrapper.xcframework; name = AlamofireImage.xcframework; path = Carthage/Build/AlamofireImage.xcframework; sourceTree = "<group>"; };
		1E02D19F284417CB0019401C /* MainCoordinator.swift */ = {isa = PBXFileReference; lastKnownFileType = sourcecode.swift; path = MainCoordinator.swift; sourceTree = "<group>"; };
		1E02D1A12844183D0019401C /* MainController.swift */ = {isa = PBXFileReference; lastKnownFileType = sourcecode.swift; path = MainController.swift; sourceTree = "<group>"; };
		1E02D1A42844186E0019401C /* MainProtocols.swift */ = {isa = PBXFileReference; lastKnownFileType = sourcecode.swift; path = MainProtocols.swift; sourceTree = "<group>"; };
		1E02D1A8284418E10019401C /* Coordinator.swift */ = {isa = PBXFileReference; lastKnownFileType = sourcecode.swift; path = Coordinator.swift; sourceTree = "<group>"; };
		1E0F2D8E28441FE1003A08F3 /* CountryCell.swift */ = {isa = PBXFileReference; lastKnownFileType = sourcecode.swift; path = CountryCell.swift; sourceTree = "<group>"; };
		1E0F2D9028442109003A08F3 /* Country.swift */ = {isa = PBXFileReference; lastKnownFileType = sourcecode.swift; path = Country.swift; sourceTree = "<group>"; };
		1E880A8E2844264C003774B8 /* SDWebImage.xcframework */ = {isa = PBXFileReference; lastKnownFileType = wrapper.xcframework; name = SDWebImage.xcframework; path = Carthage/Build/SDWebImage.xcframework; sourceTree = "<group>"; };
		1EF6A83528440F3700D45558 /* Countries.app */ = {isa = PBXFileReference; explicitFileType = wrapper.application; includeInIndex = 0; path = Countries.app; sourceTree = BUILT_PRODUCTS_DIR; };
		1EF6A83828440F3700D45558 /* AppDelegate.swift */ = {isa = PBXFileReference; lastKnownFileType = sourcecode.swift; path = AppDelegate.swift; sourceTree = "<group>"; };
		1EF6A83A28440F3700D45558 /* SceneDelegate.swift */ = {isa = PBXFileReference; lastKnownFileType = sourcecode.swift; path = SceneDelegate.swift; sourceTree = "<group>"; };
		1EF6A83C28440F3700D45558 /* MainViewController.swift */ = {isa = PBXFileReference; lastKnownFileType = sourcecode.swift; path = MainViewController.swift; sourceTree = "<group>"; };
		1EF6A84128440F3900D45558 /* Assets.xcassets */ = {isa = PBXFileReference; lastKnownFileType = folder.assetcatalog; path = Assets.xcassets; sourceTree = "<group>"; };
		1EF6A84428440F3900D45558 /* Base */ = {isa = PBXFileReference; lastKnownFileType = file.storyboard; name = Base; path = Base.lproj/LaunchScreen.storyboard; sourceTree = "<group>"; };
		1EF6A84628440F3900D45558 /* Info.plist */ = {isa = PBXFileReference; lastKnownFileType = text.plist.xml; path = Info.plist; sourceTree = "<group>"; };
/* End PBXFileReference section */

/* Begin PBXFrameworksBuildPhase section */
		1EF6A83228440F3700D45558 /* Frameworks */ = {
			isa = PBXFrameworksBuildPhase;
			buildActionMask = 2147483647;
			files = (
				1E880A8B2844264C003774B8 /* Alamofire.xcframework in Frameworks */,
				1E880A8F2844264C003774B8 /* SDWebImage.xcframework in Frameworks */,
			);
			runOnlyForDeploymentPostprocessing = 0;
		};
/* End PBXFrameworksBuildPhase section */

/* Begin PBXGroup section */
		1E02D18E284414420019401C /* Frameworks */ = {
			isa = PBXGroup;
			children = (
				1E880A8E2844264C003774B8 /* SDWebImage.xcframework */,
				1E02D18F284414420019401C /* Alamofire.xcframework */,
				1E02D190284414420019401C /* AlamofireImage.xcframework */,
			);
			name = Frameworks;
			sourceTree = "<group>";
		};
		1E02D198284417170019401C /* Models */ = {
			isa = PBXGroup;
			children = (
				1E0F2D9028442109003A08F3 /* Country.swift */,
			);
			path = Models;
			sourceTree = "<group>";
		};
		1E02D1992844171E0019401C /* Views */ = {
			isa = PBXGroup;
			children = (
				1E0F2D8D28441FD6003A08F3 /* Cells */,
				1EF6A83C28440F3700D45558 /* MainViewController.swift */,
			);
			path = Views;
			sourceTree = "<group>";
		};
		1E02D19B2844172D0019401C /* Controller */ = {
			isa = PBXGroup;
			children = (
				1E02D1A12844183D0019401C /* MainController.swift */,
			);
			path = Controller;
			sourceTree = "<group>";
		};
		1E02D19C284417360019401C /* Scenes */ = {
			isa = PBXGroup;
			children = (
				1E02D19D2844173C0019401C /* Main */,
			);
			path = Scenes;
			sourceTree = "<group>";
		};
		1E02D19D2844173C0019401C /* Main */ = {
			isa = PBXGroup;
			children = (
				1E02D19F284417CB0019401C /* MainCoordinator.swift */,
				1E02D19B2844172D0019401C /* Controller */,
				1E02D198284417170019401C /* Models */,
				1E02D1A3284418500019401C /* Protocols */,
				1E02D1992844171E0019401C /* Views */,
			);
			path = Main;
			sourceTree = "<group>";
		};
		1E02D19E284417470019401C /* Aplication */ = {
			isa = PBXGroup;
			children = (
				1EF6A83828440F3700D45558 /* AppDelegate.swift */,
				1EF6A83A28440F3700D45558 /* SceneDelegate.swift */,
				1EF6A84328440F3900D45558 /* LaunchScreen.storyboard */,
			);
			path = Aplication;
			sourceTree = "<group>";
		};
		1E02D1A3284418500019401C /* Protocols */ = {
			isa = PBXGroup;
			children = (
				1E02D1A42844186E0019401C /* MainProtocols.swift */,
			);
			path = Protocols;
			sourceTree = "<group>";
		};
		1E02D1A6284418CE0019401C /* Commons */ = {
			isa = PBXGroup;
			children = (
				1E02D1A7284418D40019401C /* Protocols */,
			);
			path = Commons;
			sourceTree = "<group>";
		};
		1E02D1A7284418D40019401C /* Protocols */ = {
			isa = PBXGroup;
			children = (
				1E02D1A8284418E10019401C /* Coordinator.swift */,
			);
			path = Protocols;
			sourceTree = "<group>";
		};
		1E0F2D8D28441FD6003A08F3 /* Cells */ = {
			isa = PBXGroup;
			children = (
				1E0F2D8E28441FE1003A08F3 /* CountryCell.swift */,
			);
			path = Cells;
			sourceTree = "<group>";
		};
		1EF6A82C28440F3700D45558 = {
			isa = PBXGroup;
			children = (
				1EF6A83728440F3700D45558 /* Countries */,
				1EF6A83628440F3700D45558 /* Products */,
				1E02D18E284414420019401C /* Frameworks */,
			);
			sourceTree = "<group>";
		};
		1EF6A83628440F3700D45558 /* Products */ = {
			isa = PBXGroup;
			children = (
				1EF6A83528440F3700D45558 /* Countries.app */,
			);
			name = Products;
			sourceTree = "<group>";
		};
		1EF6A83728440F3700D45558 /* Countries */ = {
			isa = PBXGroup;
			children = (
				1EF6A84628440F3900D45558 /* Info.plist */,
				1EF6A84128440F3900D45558 /* Assets.xcassets */,
				1E02D19E284417470019401C /* Aplication */,
				1E02D1A6284418CE0019401C /* Commons */,
				1E02D19C284417360019401C /* Scenes */,
			);
			path = Countries;
			sourceTree = "<group>";
		};
/* End PBXGroup section */

/* Begin PBXNativeTarget section */
		1EF6A83428440F3700D45558 /* Countries */ = {
			isa = PBXNativeTarget;
			buildConfigurationList = 1EF6A84928440F3900D45558 /* Build configuration list for PBXNativeTarget "Countries" */;
			buildPhases = (
				1EF6A83128440F3700D45558 /* Sources */,
				1EF6A83228440F3700D45558 /* Frameworks */,
				1EF6A83328440F3700D45558 /* Resources */,
				1E880A8D2844264C003774B8 /* Embed Frameworks */,
			);
			buildRules = (
			);
			dependencies = (
			);
			name = Countries;
			productName = Countries;
			productReference = 1EF6A83528440F3700D45558 /* Countries.app */;
			productType = "com.apple.product-type.application";
		};
/* End PBXNativeTarget section */

/* Begin PBXProject section */
		1EF6A82D28440F3700D45558 /* Project object */ = {
			isa = PBXProject;
			attributes = {
				BuildIndependentTargetsInParallel = 1;
				LastSwiftUpdateCheck = 1330;
				LastUpgradeCheck = 1330;
				TargetAttributes = {
					1EF6A83428440F3700D45558 = {
						CreatedOnToolsVersion = 13.3.1;
					};
				};
			};
			buildConfigurationList = 1EF6A83028440F3700D45558 /* Build configuration list for PBXProject "Countries" */;
			compatibilityVersion = "Xcode 13.0";
			developmentRegion = en;
			hasScannedForEncodings = 0;
			knownRegions = (
				en,
				Base,
			);
			mainGroup = 1EF6A82C28440F3700D45558;
			productRefGroup = 1EF6A83628440F3700D45558 /* Products */;
			projectDirPath = "";
			projectRoot = "";
			targets = (
				1EF6A83428440F3700D45558 /* Countries */,
			);
		};
/* End PBXProject section */

/* Begin PBXResourcesBuildPhase section */
		1EF6A83328440F3700D45558 /* Resources */ = {
			isa = PBXResourcesBuildPhase;
			buildActionMask = 2147483647;
			files = (
				1EF6A84528440F3900D45558 /* LaunchScreen.storyboard in Resources */,
				1EF6A84228440F3900D45558 /* Assets.xcassets in Resources */,
			);
			runOnlyForDeploymentPostprocessing = 0;
		};
/* End PBXResourcesBuildPhase section */

/* Begin PBXSourcesBuildPhase section */
		1EF6A83128440F3700D45558 /* Sources */ = {
			isa = PBXSourcesBuildPhase;
			buildActionMask = 2147483647;
			files = (
				1E0F2D8F28441FE1003A08F3 /* CountryCell.swift in Sources */,
				1E0F2D9128442109003A08F3 /* Country.swift in Sources */,
				1E02D1A9284418E10019401C /* Coordinator.swift in Sources */,
				1EF6A83D28440F3700D45558 /* MainViewController.swift in Sources */,
				1E02D1A0284417CB0019401C /* MainCoordinator.swift in Sources */,
				1E02D1A52844186E0019401C /* MainProtocols.swift in Sources */,
				1EF6A83928440F3700D45558 /* AppDelegate.swift in Sources */,
				1EF6A83B28440F3700D45558 /* SceneDelegate.swift in Sources */,
				1E02D1A22844183D0019401C /* MainController.swift in Sources */,
			);
			runOnlyForDeploymentPostprocessing = 0;
		};
/* End PBXSourcesBuildPhase section */

/* Begin PBXVariantGroup section */
		1EF6A84328440F3900D45558 /* LaunchScreen.storyboard */ = {
			isa = PBXVariantGroup;
			children = (
				1EF6A84428440F3900D45558 /* Base */,
			);
			name = LaunchScreen.storyboard;
			sourceTree = "<group>";
		};
/* End PBXVariantGroup section */

/* Begin XCBuildConfiguration section */
		1EF6A84728440F3900D45558 /* Debug */ = {
			isa = XCBuildConfiguration;
			buildSettings = {
				ALWAYS_SEARCH_USER_PATHS = NO;
				CLANG_ANALYZER_NONNULL = YES;
				CLANG_ANALYZER_NUMBER_OBJECT_CONVERSION = YES_AGGRESSIVE;
				CLANG_CXX_LANGUAGE_STANDARD = "gnu++17";
				CLANG_ENABLE_MODULES = YES;
				CLANG_ENABLE_OBJC_ARC = YES;
				CLANG_ENABLE_OBJC_WEAK = YES;
				CLANG_WARN_BLOCK_CAPTURE_AUTORELEASING = YES;
				CLANG_WARN_BOOL_CONVERSION = YES;
				CLANG_WARN_COMMA = YES;
				CLANG_WARN_CONSTANT_CONVERSION = YES;
				CLANG_WARN_DEPRECATED_OBJC_IMPLEMENTATIONS = YES;
				CLANG_WARN_DIRECT_OBJC_ISA_USAGE = YES_ERROR;
				CLANG_WARN_DOCUMENTATION_COMMENTS = YES;
				CLANG_WARN_EMPTY_BODY = YES;
				CLANG_WARN_ENUM_CONVERSION = YES;
				CLANG_WARN_INFINITE_RECURSION = YES;
				CLANG_WARN_INT_CONVERSION = YES;
				CLANG_WARN_NON_LITERAL_NULL_CONVERSION = YES;
				CLANG_WARN_OBJC_IMPLICIT_RETAIN_SELF = YES;
				CLANG_WARN_OBJC_LITERAL_CONVERSION = YES;
				CLANG_WARN_OBJC_ROOT_CLASS = YES_ERROR;
				CLANG_WARN_QUOTED_INCLUDE_IN_FRAMEWORK_HEADER = YES;
				CLANG_WARN_RANGE_LOOP_ANALYSIS = YES;
				CLANG_WARN_STRICT_PROTOTYPES = YES;
				CLANG_WARN_SUSPICIOUS_MOVE = YES;
				CLANG_WARN_UNGUARDED_AVAILABILITY = YES_AGGRESSIVE;
				CLANG_WARN_UNREACHABLE_CODE = YES;
				CLANG_WARN__DUPLICATE_METHOD_MATCH = YES;
				COPY_PHASE_STRIP = NO;
				DEBUG_INFORMATION_FORMAT = dwarf;
				ENABLE_STRICT_OBJC_MSGSEND = YES;
				ENABLE_TESTABILITY = YES;
				GCC_C_LANGUAGE_STANDARD = gnu11;
				GCC_DYNAMIC_NO_PIC = NO;
				GCC_NO_COMMON_BLOCKS = YES;
				GCC_OPTIMIZATION_LEVEL = 0;
				GCC_PREPROCESSOR_DEFINITIONS = (
					"DEBUG=1",
					"$(inherited)",
				);
				GCC_WARN_64_TO_32_BIT_CONVERSION = YES;
				GCC_WARN_ABOUT_RETURN_TYPE = YES_ERROR;
				GCC_WARN_UNDECLARED_SELECTOR = YES;
				GCC_WARN_UNINITIALIZED_AUTOS = YES_AGGRESSIVE;
				GCC_WARN_UNUSED_FUNCTION = YES;
				GCC_WARN_UNUSED_VARIABLE = YES;
				IPHONEOS_DEPLOYMENT_TARGET = 15.4;
				MTL_ENABLE_DEBUG_INFO = INCLUDE_SOURCE;
				MTL_FAST_MATH = YES;
				ONLY_ACTIVE_ARCH = YES;
				SDKROOT = iphoneos;
				SWIFT_ACTIVE_COMPILATION_CONDITIONS = DEBUG;
				SWIFT_OPTIMIZATION_LEVEL = "-Onone";
			};
			name = Debug;
		};
		1EF6A84828440F3900D45558 /* Release */ = {
			isa = XCBuildConfiguration;
			buildSettings = {
				ALWAYS_SEARCH_USER_PATHS = NO;
				CLANG_ANALYZER_NONNULL = YES;
				CLANG_ANALYZER_NUMBER_OBJECT_CONVERSION = YES_AGGRESSIVE;
				CLANG_CXX_LANGUAGE_STANDARD = "gnu++17";
				CLANG_ENABLE_MODULES = YES;
				CLANG_ENABLE_OBJC_ARC = YES;
				CLANG_ENABLE_OBJC_WEAK = YES;
				CLANG_WARN_BLOCK_CAPTURE_AUTORELEASING = YES;
				CLANG_WARN_BOOL_CONVERSION = YES;
				CLANG_WARN_COMMA = YES;
				CLANG_WARN_CONSTANT_CONVERSION = YES;
				CLANG_WARN_DEPRECATED_OBJC_IMPLEMENTATIONS = YES;
				CLANG_WARN_DIRECT_OBJC_ISA_USAGE = YES_ERROR;
				CLANG_WARN_DOCUMENTATION_COMMENTS = YES;
				CLANG_WARN_EMPTY_BODY = YES;
				CLANG_WARN_ENUM_CONVERSION = YES;
				CLANG_WARN_INFINITE_RECURSION = YES;
				CLANG_WARN_INT_CONVERSION = YES;
				CLANG_WARN_NON_LITERAL_NULL_CONVERSION = YES;
				CLANG_WARN_OBJC_IMPLICIT_RETAIN_SELF = YES;
				CLANG_WARN_OBJC_LITERAL_CONVERSION = YES;
				CLANG_WARN_OBJC_ROOT_CLASS = YES_ERROR;
				CLANG_WARN_QUOTED_INCLUDE_IN_FRAMEWORK_HEADER = YES;
				CLANG_WARN_RANGE_LOOP_ANALYSIS = YES;
				CLANG_WARN_STRICT_PROTOTYPES = YES;
				CLANG_WARN_SUSPICIOUS_MOVE = YES;
				CLANG_WARN_UNGUARDED_AVAILABILITY = YES_AGGRESSIVE;
				CLANG_WARN_UNREACHABLE_CODE = YES;
				CLANG_WARN__DUPLICATE_METHOD_MATCH = YES;
				COPY_PHASE_STRIP = NO;
				DEBUG_INFORMATION_FORMAT = "dwarf-with-dsym";
				ENABLE_NS_ASSERTIONS = NO;
				ENABLE_STRICT_OBJC_MSGSEND = YES;
				GCC_C_LANGUAGE_STANDARD = gnu11;
				GCC_NO_COMMON_BLOCKS = YES;
				GCC_WARN_64_TO_32_BIT_CONVERSION = YES;
				GCC_WARN_ABOUT_RETURN_TYPE = YES_ERROR;
				GCC_WARN_UNDECLARED_SELECTOR = YES;
				GCC_WARN_UNINITIALIZED_AUTOS = YES_AGGRESSIVE;
				GCC_WARN_UNUSED_FUNCTION = YES;
				GCC_WARN_UNUSED_VARIABLE = YES;
				IPHONEOS_DEPLOYMENT_TARGET = 15.4;
				MTL_ENABLE_DEBUG_INFO = NO;
				MTL_FAST_MATH = YES;
				SDKROOT = iphoneos;
				SWIFT_COMPILATION_MODE = wholemodule;
				SWIFT_OPTIMIZATION_LEVEL = "-O";
				VALIDATE_PRODUCT = YES;
			};
			name = Release;
		};
		1EF6A84A28440F3900D45558 /* Debug */ = {
			isa = XCBuildConfiguration;
			buildSettings = {
				ASSETCATALOG_COMPILER_APPICON_NAME = AppIcon;
				ASSETCATALOG_COMPILER_GLOBAL_ACCENT_COLOR_NAME = AccentColor;
				CODE_SIGN_STYLE = Automatic;
				CURRENT_PROJECT_VERSION = 1;
				DEVELOPMENT_TEAM = 49VTWBV22B;
				GENERATE_INFOPLIST_FILE = YES;
				INFOPLIST_FILE = Countries/Info.plist;
				INFOPLIST_KEY_UIApplicationSupportsIndirectInputEvents = YES;
				INFOPLIST_KEY_UILaunchStoryboardName = LaunchScreen;
				INFOPLIST_KEY_UISupportedInterfaceOrientations_iPad = "UIInterfaceOrientationPortrait UIInterfaceOrientationPortraitUpsideDown UIInterfaceOrientationLandscapeLeft UIInterfaceOrientationLandscapeRight";
				INFOPLIST_KEY_UISupportedInterfaceOrientations_iPhone = "UIInterfaceOrientationPortrait UIInterfaceOrientationLandscapeLeft UIInterfaceOrientationLandscapeRight";
				LD_RUNPATH_SEARCH_PATHS = (
					"$(inherited)",
					"@executable_path/Frameworks",
				);
				MARKETING_VERSION = 1.0;
				PRODUCT_BUNDLE_IDENTIFIER = vitor.conceicao.Countries;
				PRODUCT_NAME = "$(TARGET_NAME)";
				SWIFT_EMIT_LOC_STRINGS = YES;
				SWIFT_VERSION = 5.0;
				TARGETED_DEVICE_FAMILY = "1,2";
			};
			name = Debug;
		};
		1EF6A84B28440F3900D45558 /* Release */ = {
			isa = XCBuildConfiguration;
			buildSettings = {
				ASSETCATALOG_COMPILER_APPICON_NAME = AppIcon;
				ASSETCATALOG_COMPILER_GLOBAL_ACCENT_COLOR_NAME = AccentColor;
				CODE_SIGN_STYLE = Automatic;
				CURRENT_PROJECT_VERSION = 1;
				DEVELOPMENT_TEAM = 49VTWBV22B;
				GENERATE_INFOPLIST_FILE = YES;
				INFOPLIST_FILE = Countries/Info.plist;
				INFOPLIST_KEY_UIApplicationSupportsIndirectInputEvents = YES;
				INFOPLIST_KEY_UILaunchStoryboardName = LaunchScreen;
				INFOPLIST_KEY_UISupportedInterfaceOrientations_iPad = "UIInterfaceOrientationPortrait UIInterfaceOrientationPortraitUpsideDown UIInterfaceOrientationLandscapeLeft UIInterfaceOrientationLandscapeRight";
				INFOPLIST_KEY_UISupportedInterfaceOrientations_iPhone = "UIInterfaceOrientationPortrait UIInterfaceOrientationLandscapeLeft UIInterfaceOrientationLandscapeRight";
				LD_RUNPATH_SEARCH_PATHS = (
					"$(inherited)",
					"@executable_path/Frameworks",
				);
				MARKETING_VERSION = 1.0;
				PRODUCT_BUNDLE_IDENTIFIER = vitor.conceicao.Countries;
				PRODUCT_NAME = "$(TARGET_NAME)";
				SWIFT_EMIT_LOC_STRINGS = YES;
				SWIFT_VERSION = 5.0;
				TARGETED_DEVICE_FAMILY = "1,2";
			};
			name = Release;
		};
/* End XCBuildConfiguration section */

/* Begin XCConfigurationList section */
		1EF6A83028440F3700D45558 /* Build configuration list for PBXProject "Countries" */ = {
			isa = XCConfigurationList;
			buildConfigurations = (
				1EF6A84728440F3900D45558 /* Debug */,
				1EF6A84828440F3900D45558 /* Release */,
			);
			defaultConfigurationIsVisible = 0;
			defaultConfigurationName = Release;
		};
		1EF6A84928440F3900D45558 /* Build configuration list for PBXNativeTarget "Countries" */ = {
			isa = XCConfigurationList;
			buildConfigurations = (
				1EF6A84A28440F3900D45558 /* Debug */,
				1EF6A84B28440F3900D45558 /* Release */,
			);
			defaultConfigurationIsVisible = 0;
			defaultConfigurationName = Release;
		};
/* End XCConfigurationList section */
	};
	rootObject = 1EF6A82D28440F3700D45558 /* Project object */;
}
